{
  "version": 4,
  "terraform_version": "0.13.4",
  "serial": 7,
  "lineage": "da458002-74ba-880a-468e-261e6d855e73",
  "outputs": {},
  "resources": [
    {
      "module": "module.Eventhub_namespace",
      "mode": "managed",
      "type": "azurerm_eventhub_namespace",
      "name": "event_hub_namespace",
      "provider": "provider[\"registry.terraform.io/hashicorp/azurerm\"]",
      "instances": [
        {
          "schema_version": 0,
          "attributes": {
            "auto_inflate_enabled": false,
            "capacity": 1,
            "dedicated_cluster_id": "",
            "default_primary_connection_string": "Endpoint=sb://test-evhns.servicebus.windows.net/;SharedAccessKeyName=RootManageSharedAccessKey;SharedAccessKey=KtfhtPc2wJNi+YZwHscl4M0BYWisfLQz1MZ5oimmdUU=",
            "default_primary_connection_string_alias": "",
            "default_primary_key": "KtfhtPc2wJNi+YZwHscl4M0BYWisfLQz1MZ5oimmdUU=",
            "default_secondary_connection_string": "Endpoint=sb://test-evhns.servicebus.windows.net/;SharedAccessKeyName=RootManageSharedAccessKey;SharedAccessKey=k0D463NeQxc+dmCwqdw03hbCbs9wSewSofW7Xe9LG5k=",
            "default_secondary_connection_string_alias": "",
            "default_secondary_key": "k0D463NeQxc+dmCwqdw03hbCbs9wSewSofW7Xe9LG5k=",
            "id": "/subscriptions/8a6b862f-e8fd-4ac4-921f-2f97dc2118a8/resourceGroups/test-rg/providers/Microsoft.EventHub/namespaces/test-evhns",
            "identity": [
              {
                "principal_id": "641130d7-6f08-4305-9dcd-426a05c8d6e3",
                "tenant_id": "82c0b871-335f-4b5c-9ed0-a4a23565a79b",
                "type": "SystemAssigned"
              }
            ],
            "location": "eastus2",
            "maximum_throughput_units": 0,
            "name": "test-evhns",
            "network_rulesets": [
              {
                "default_action": "Deny",
                "ip_rule": [],
                "virtual_network_rule": []
              }
            ],
            "resource_group_name": "test-rg",
            "sku": "Standard",
            "tags": {
              "env": "test"
            },
            "timeouts": null,
            "zone_redundant": false
          },
          "private": "eyJlMmJmYjczMC1lY2FhLTExZTYtOGY4OC0zNDM2M2JjN2M0YzAiOnsiY3JlYXRlIjoxODAwMDAwMDAwMDAwLCJkZWxldGUiOjE4MDAwMDAwMDAwMDAsInJlYWQiOjMwMDAwMDAwMDAwMCwidXBkYXRlIjoxODAwMDAwMDAwMDAwfX0=",
          "dependencies": [
            "module.rg.azurerm_resource_group.az_resource_group"
          ]
        }
      ]
    },
    {
      "module": "module.event_hub",
      "mode": "managed",
      "type": "azurerm_eventhub",
      "name": "az_event_hub",
      "provider": "provider[\"registry.terraform.io/hashicorp/azurerm\"]",
      "instances": [
        {
          "schema_version": 0,
          "attributes": {
            "capture_description": [],
            "id": "/subscriptions/8a6b862f-e8fd-4ac4-921f-2f97dc2118a8/resourceGroups/test-rg/providers/Microsoft.EventHub/namespaces/test-evhns/eventhubs/test-evh",
            "message_retention": 1,
            "name": "test-evh",
            "namespace_name": "test-evhns",
            "partition_count": 1,
            "partition_ids": [
              "0"
            ],
            "resource_group_name": "test-rg",
            "timeouts": null
          },
          "private": "eyJlMmJmYjczMC1lY2FhLTExZTYtOGY4OC0zNDM2M2JjN2M0YzAiOnsiY3JlYXRlIjoxODAwMDAwMDAwMDAwLCJkZWxldGUiOjE4MDAwMDAwMDAwMDAsInJlYWQiOjMwMDAwMDAwMDAwMCwidXBkYXRlIjoxODAwMDAwMDAwMDAwfX0=",
          "dependencies": [
            "module.Eventhub_namespace.azurerm_eventhub_namespace.event_hub_namespace",
            "module.rg.azurerm_resource_group.az_resource_group"
          ]
        }
      ]
    },
    {
      "module": "module.rg",
      "mode": "managed",
      "type": "azurerm_resource_group",
      "name": "az_resource_group",
      "provider": "provider[\"registry.terraform.io/hashicorp/azurerm\"]",
      "instances": [
        {
          "schema_version": 0,
          "attributes": {
            "id": "/subscriptions/8a6b862f-e8fd-4ac4-921f-2f97dc2118a8/resourceGroups/test-rg",
            "location": "eastus2",
            "name": "test-rg",
            "tags": {
              "env": "test"
            },
            "timeouts": null
          },
          "private": "eyJlMmJmYjczMC1lY2FhLTExZTYtOGY4OC0zNDM2M2JjN2M0YzAiOnsiY3JlYXRlIjo1NDAwMDAwMDAwMDAwLCJkZWxldGUiOjU0MDAwMDAwMDAwMDAsInJlYWQiOjMwMDAwMDAwMDAwMCwidXBkYXRlIjo1NDAwMDAwMDAwMDAwfX0="
        }
      ]
    },
    {
      "module": "module.subnet",
      "mode": "managed",
      "type": "azurerm_subnet",
      "name": "az_subnet",
      "provider": "provider[\"registry.terraform.io/hashicorp/azurerm\"]",
      "instances": [
        {
          "schema_version": 0,
          "attributes": {
            "address_prefix": "10.0.0.0/24",
            "address_prefixes": [
              "10.0.0.0/24"
            ],
            "delegation": [],
            "enforce_private_link_endpoint_network_policies": false,
            "enforce_private_link_service_network_policies": false,
            "id": "/subscriptions/8a6b862f-e8fd-4ac4-921f-2f97dc2118a8/resourceGroups/test-rg/providers/Microsoft.Network/virtualNetworks/test-vnet/subnets/test-subnet",
            "name": "test-subnet",
            "resource_group_name": "test-rg",
            "service_endpoint_policy_ids": [],
            "service_endpoints": [],
            "timeouts": null,
            "virtual_network_name": "test-vnet"
          },
          "private": "eyJlMmJmYjczMC1lY2FhLTExZTYtOGY4OC0zNDM2M2JjN2M0YzAiOnsiY3JlYXRlIjoxODAwMDAwMDAwMDAwLCJkZWxldGUiOjE4MDAwMDAwMDAwMDAsInJlYWQiOjMwMDAwMDAwMDAwMCwidXBkYXRlIjoxODAwMDAwMDAwMDAwfX0=",
          "dependencies": [
            "module.rg.azurerm_resource_group.az_resource_group",
            "module.vnet.azurerm_virtual_network.az_virtual_network"
          ]
        }
      ]
    },
    {
      "module": "module.vnet",
      "mode": "managed",
      "type": "azurerm_virtual_network",
      "name": "az_virtual_network",
      "provider": "provider[\"registry.terraform.io/hashicorp/azurerm\"]",
      "instances": [
        {
          "schema_version": 0,
          "attributes": {
            "address_space": [
              "10.0.0.0/24"
            ],
            "bgp_community": "",
            "ddos_protection_plan": [],
            "dns_servers": [],
            "guid": "804fffb8-138a-4126-99b1-49476c263118",
            "id": "/subscriptions/8a6b862f-e8fd-4ac4-921f-2f97dc2118a8/resourceGroups/test-rg/providers/Microsoft.Network/virtualNetworks/test-vnet",
            "location": "eastus2",
            "name": "test-vnet",
            "resource_group_name": "test-rg",
            "subnet": [
              {
                "address_prefix": "10.0.0.0/24",
                "id": "/subscriptions/8a6b862f-e8fd-4ac4-921f-2f97dc2118a8/resourceGroups/test-rg/providers/Microsoft.Network/virtualNetworks/test-vnet/subnets/test-subnet",
                "name": "test-subnet",
                "security_group": ""
              }
            ],
            "tags": {
              "env": "test"
            },
            "timeouts": null,
            "vm_protection_enabled": false
          },
          "private": "eyJlMmJmYjczMC1lY2FhLTExZTYtOGY4OC0zNDM2M2JjN2M0YzAiOnsiY3JlYXRlIjoxODAwMDAwMDAwMDAwLCJkZWxldGUiOjE4MDAwMDAwMDAwMDAsInJlYWQiOjMwMDAwMDAwMDAwMCwidXBkYXRlIjoxODAwMDAwMDAwMDAwfX0=",
          "dependencies": [
            "module.rg.azurerm_resource_group.az_resource_group"
          ]
        }
      ]
    }
  ]
}
